
Microsoft Visual Studio Solution File, Format Version 12.00
# Visual Studio Version 16
VisualStudioVersion = 16.0.31729.503
MinimumVisualStudioVersion = 10.0.40219.1
Project("{9A19103F-16F7-4668-BE54-9A1E7A4F7556}") = "Market.WebUI", "Market.WebUI.csproj", "{DEC813FE-33C6-4C16-A72D-4B1B7609DB76}"
EndProject
Project("{9A19103F-16F7-4668-BE54-9A1E7A4F7556}") = "Market.Entities", "..\Market.Entities\Market.Entities.csproj", "{B9C49BA5-CEF7-46CA-8D12-0D14913DBD1C}"
EndProject
Project("{9A19103F-16F7-4668-BE54-9A1E7A4F7556}") = "Market.Repo", "..\Market.Repo\Market.Repo.csproj", "{5BFD15E0-7039-4C5A-BAFD-7ECBF2482C77}"
EndProject
Global
	GlobalSection(SolutionConfigurationPlatforms) = preSolution
		Debug|Any CPU = Debug|Any CPU
		Release|Any CPU = Release|Any CPU
	EndGlobalSection
	GlobalSection(ProjectConfigurationPlatforms) = postSolution
		{DEC813FE-33C6-4C16-A72D-4B1B7609DB76}.Debug|Any CPU.ActiveCfg = Debug|Any CPU
		{DEC813FE-33C6-4C16-A72D-4B1B7609DB76}.Debug|Any CPU.Build.0 = Debug|Any CPU
		{DEC813FE-33C6-4C16-A72D-4B1B7609DB76}.Release|Any CPU.ActiveCfg = Release|Any CPU
		{DEC813FE-33C6-4C16-A72D-4B1B7609DB76}.Release|Any CPU.Build.0 = Release|Any CPU
		{B9C49BA5-CEF7-46CA-8D12-0D14913DBD1C}.Debug|Any CPU.ActiveCfg = Debug|Any CPU
		{B9C49BA5-CEF7-46CA-8D12-0D14913DBD1C}.Debug|Any CPU.Build.0 = Debug|Any CPU
		{B9C49BA5-CEF7-46CA-8D12-0D14913DBD1C}.Release|Any CPU.ActiveCfg = Release|Any CPU
		{B9C49BA5-CEF7-46CA-8D12-0D14913DBD1C}.Release|Any CPU.Build.0 = Release|Any CPU
		{5BFD15E0-7039-4C5A-BAFD-7ECBF2482C77}.Debug|Any CPU.ActiveCfg = Debug|Any CPU
		{5BFD15E0-7039-4C5A-BAFD-7ECBF2482C77}.Debug|Any CPU.Build.0 = Debug|Any CPU
		{5BFD15E0-7039-4C5A-BAFD-7ECBF2482C77}.Release|Any CPU.ActiveCfg = Release|Any CPU
		{5BFD15E0-7039-4C5A-BAFD-7ECBF2482C77}.Release|Any CPU.Build.0 = Release|Any CPU
	EndGlobalSection
	GlobalSection(SolutionProperties) = preSolution
		HideSolutionNode = FALSE
	EndGlobalSection
	GlobalSection(ExtensibilityGlobals) = postSolution
		SolutionGuid = {172A6590-39DF-4C24-A417-2AA6AA11682B}
	EndGlobalSection
EndGlobal
